
Microsoft Visual Studio Solution File, Format Version 12.00
# Visual Studio 2012
Project("{FAE04EC0-301F-11D3-BF4B-00C04F79EFBC}") = "Medicontrol", "Medicontrol\Medicontrol.csproj", "{B379E7CA-1C17-4586-8D88-CEC2F72FEB57}"
EndProject
Project("{FAE04EC0-301F-11D3-BF4B-00C04F79EFBC}") = "Modelo", "Modelo\Modelo.csproj", "{807244CA-A3AC-4647-8D01-6602C6EE68A3}"
EndProject
Project("{FAE04EC0-301F-11D3-BF4B-00C04F79EFBC}") = "Entidad", "Entidad\Entidad.csproj", "{2C491D8B-81D3-442B-9502-73BF175E9FC6}"
EndProject
Global
	GlobalSection(SolutionConfigurationPlatforms) = preSolution
		Debug|Any CPU = Debug|Any CPU
		Release|Any CPU = Release|Any CPU
	EndGlobalSection
	GlobalSection(ProjectConfigurationPlatforms) = postSolution
		{B379E7CA-1C17-4586-8D88-CEC2F72FEB57}.Debug|Any CPU.ActiveCfg = Debug|Any CPU
		{B379E7CA-1C17-4586-8D88-CEC2F72FEB57}.Debug|Any CPU.Build.0 = Debug|Any CPU
		{B379E7CA-1C17-4586-8D88-CEC2F72FEB57}.Release|Any CPU.ActiveCfg = Release|Any CPU
		{B379E7CA-1C17-4586-8D88-CEC2F72FEB57}.Release|Any CPU.Build.0 = Release|Any CPU
		{807244CA-A3AC-4647-8D01-6602C6EE68A3}.Debug|Any CPU.ActiveCfg = Debug|Any CPU
		{807244CA-A3AC-4647-8D01-6602C6EE68A3}.Debug|Any CPU.Build.0 = Debug|Any CPU
		{807244CA-A3AC-4647-8D01-6602C6EE68A3}.Release|Any CPU.ActiveCfg = Release|Any CPU
		{807244CA-A3AC-4647-8D01-6602C6EE68A3}.Release|Any CPU.Build.0 = Release|Any CPU
		{2C491D8B-81D3-442B-9502-73BF175E9FC6}.Debug|Any CPU.ActiveCfg = Debug|Any CPU
		{2C491D8B-81D3-442B-9502-73BF175E9FC6}.Debug|Any CPU.Build.0 = Debug|Any CPU
		{2C491D8B-81D3-442B-9502-73BF175E9FC6}.Release|Any CPU.ActiveCfg = Release|Any CPU
		{2C491D8B-81D3-442B-9502-73BF175E9FC6}.Release|Any CPU.Build.0 = Release|Any CPU
	EndGlobalSection
	GlobalSection(SolutionProperties) = preSolution
		HideSolutionNode = FALSE
	EndGlobalSection
EndGlobal
